
Microsoft Visual Studio Solution File, Format Version 12.00
# Visual Studio Express 2012 for Windows Desktop
Project("{FAE04EC0-301F-11D3-BF4B-00C04F79EFBC}") = "BatchFTP", "BatchFTP\BatchFTP.csproj", "{79301DF5-1E06-4350-B0EE-5BF103FD7A50}"
EndProject
Global
	GlobalSection(SolutionConfigurationPlatforms) = preSolution
		Debug|Any CPU = Debug|Any CPU
		Release|Any CPU = Release|Any CPU
	EndGlobalSection
	GlobalSection(ProjectConfigurationPlatforms) = postSolution
		{79301DF5-1E06-4350-B0EE-5BF103FD7A50}.Debug|Any CPU.ActiveCfg = Debug|Any CPU
		{79301DF5-1E06-4350-B0EE-5BF103FD7A50}.Debug|Any CPU.Build.0 = Debug|Any CPU
		{79301DF5-1E06-4350-B0EE-5BF103FD7A50}.Release|Any CPU.ActiveCfg = Release|Any CPU
		{79301DF5-1E06-4350-B0EE-5BF103FD7A50}.Release|Any CPU.Build.0 = Release|Any CPU
	EndGlobalSection
	GlobalSection(SolutionProperties) = preSolution
		HideSolutionNode = FALSE
	EndGlobalSection
EndGlobal
